Microsoft Visual Studio Solution File, Format Version 11.00
# Visual Studio 2008

Project("{3DC58E13-82FC-8F9C-C394-CDB79C2816D2}") = "BrokenTankNetwork", "Assembly-CSharp.csproj", "{662ECC3F-820F-F745-4748-82F678FE2305}"
EndProject
Global
	GlobalSection(SolutionConfigurationPlatforms) = preSolution
		Debug|Any CPU = Debug|Any CPU
		Release|Any CPU = Release|Any CPU
	EndGlobalSection
	GlobalSection(ProjectConfigurationPlatforms) = postSolution
		{662ECC3F-820F-F745-4748-82F678FE2305}.Debug|Any CPU.ActiveCfg = Debug|Any CPU
		{662ECC3F-820F-F745-4748-82F678FE2305}.Debug|Any CPU.Build.0 = Debug|Any CPU
		{662ECC3F-820F-F745-4748-82F678FE2305}.Release|Any CPU.ActiveCfg = Release|Any CPU
		{662ECC3F-820F-F745-4748-82F678FE2305}.Release|Any CPU.Build.0 = Release|Any CPU
	EndGlobalSection
	GlobalSection(SolutionProperties) = preSolution
		HideSolutionNode = FALSE
	EndGlobalSection
	GlobalSection(MonoDevelopProperties) = preSolution
		StartupItem = Assembly-CSharp.csproj
	EndGlobalSection
EndGlobal
